// !$*UTF8*$!
{
	archiveVersion = 1;
	classes = {
	};
	objectVersion = 46;
	objects = {

/* Begin PBXBuildFile section */
		166FD81818B1D61000A3FE12 /* CoreData.framework in Frameworks */ = {isa = PBXBuildFile; fileRef = 166FD81718B1D61000A3FE12 /* CoreData.framework */; };
		166FD81E18B1D75800A3FE12 /* FaceRec.xcdatamodeld in Sources */ = {isa = PBXBuildFile; fileRef = 166FD81C18B1D75800A3FE12 /* FaceRec.xcdatamodeld */; };
		166FD82118B1D7E800A3FE12 /* ServerListViewController.m in Sources */ = {isa = PBXBuildFile; fileRef = 166FD82018B1D7E800A3FE12 /* ServerListViewController.m */; };
		166FD82418B1DF7100A3FE12 /* Server.m in Sources */ = {isa = PBXBuildFile; fileRef = 166FD82318B1DF7100A3FE12 /* Server.m */; };
		1699A0A5189A048800B56929 /* RecognitionViewController.m in Sources */ = {isa = PBXBuildFile; fileRef = 1699A0A4189A048800B56929 /* RecognitionViewController.m */; };
		1699A0A7189A050000B56929 /* AVFoundation.framework in Frameworks */ = {isa = PBXBuildFile; fileRef = 1699A0A6189A050000B56929 /* AVFoundation.framework */; };
		1699A0A9189A0AC900B56929 /* QuartzCore.framework in Frameworks */ = {isa = PBXBuildFile; fileRef = 1699A0A8189A0AC900B56929 /* QuartzCore.framework */; };
		16BC8CFA18AFB732007D74E5 /* CaptureFaceViewController.m in Sources */ = {isa = PBXBuildFile; fileRef = 16BC8CF918AFB732007D74E5 /* CaptureFaceViewController.m */; };
		16BC8CFD18AFD8A9007D74E5 /* LoginViewController.m in Sources */ = {isa = PBXBuildFile; fileRef = 16BC8CFC18AFD8A9007D74E5 /* LoginViewController.m */; };
		16BC8D0018AFD8BA007D74E5 /* SignUpViewController.m in Sources */ = {isa = PBXBuildFile; fileRef = 16BC8CFF18AFD8BA007D74E5 /* SignUpViewController.m */; };
		16BC8D0318AFE4F4007D74E5 /* FaceRecAPI.m in Sources */ = {isa = PBXBuildFile; fileRef = 16BC8D0218AFE4F4007D74E5 /* FaceRecAPI.m */; };
		16BC8D0518AFFCBB007D74E5 /* iPhone_MainStoryboard.storyboard in Resources */ = {isa = PBXBuildFile; fileRef = 16BC8D0418AFFCBB007D74E5 /* iPhone_MainStoryboard.storyboard */; };
		16BC8D0818B02652007D74E5 /* Person.m in Sources */ = {isa = PBXBuildFile; fileRef = 16BC8D0718B02652007D74E5 /* Person.m */; };
		16BC8D0B18B02C8B007D74E5 /* PeopleTableViewController.m in Sources */ = {isa = PBXBuildFile; fileRef = 16BC8D0A18B02C8B007D74E5 /* PeopleTableViewController.m */; };
		16BC8D0E18B035C7007D74E5 /* PersonRegisterViewController.m in Sources */ = {isa = PBXBuildFile; fileRef = 16BC8D0D18B035C7007D74E5 /* PersonRegisterViewController.m */; };
		16BC8D1318B157F7007D74E5 /* KeychainItemWrapper.m in Sources */ = {isa = PBXBuildFile; fileRef = 16BC8D1218B157F7007D74E5 /* KeychainItemWrapper.m */; };
		16BC8D1618B15D3B007D74E5 /* MainMenuViewController.m in Sources */ = {isa = PBXBuildFile; fileRef = 16BC8D1518B15D3B007D74E5 /* MainMenuViewController.m */; };
		16BC8D1918B160A2007D74E5 /* User.m in Sources */ = {isa = PBXBuildFile; fileRef = 16BC8D1818B160A2007D74E5 /* User.m */; };
		56F1721C18998477000D990C /* Foundation.framework in Frameworks */ = {isa = PBXBuildFile; fileRef = 56F1721B18998477000D990C /* Foundation.framework */; };
		56F1721E18998477000D990C /* CoreGraphics.framework in Frameworks */ = {isa = PBXBuildFile; fileRef = 56F1721D18998477000D990C /* CoreGraphics.framework */; };
		56F1722018998477000D990C /* UIKit.framework in Frameworks */ = {isa = PBXBuildFile; fileRef = 56F1721F18998477000D990C /* UIKit.framework */; };
		56F1722618998477000D990C /* InfoPlist.strings in Resources */ = {isa = PBXBuildFile; fileRef = 56F1722418998477000D990C /* InfoPlist.strings */; };
		56F1722818998477000D990C /* main.m in Sources */ = {isa = PBXBuildFile; fileRef = 56F1722718998477000D990C /* main.m */; };
		56F1722C18998477000D990C /* AppDelegate.m in Sources */ = {isa = PBXBuildFile; fileRef = 56F1722B18998477000D990C /* AppDelegate.m */; };
		56F1722E18998477000D990C /* Images.xcassets in Resources */ = {isa = PBXBuildFile; fileRef = 56F1722D18998477000D990C /* Images.xcassets */; };
		56F1723518998477000D990C /* XCTest.framework in Frameworks */ = {isa = PBXBuildFile; fileRef = 56F1723418998477000D990C /* XCTest.framework */; };
		56F1723618998478000D990C /* Foundation.framework in Frameworks */ = {isa = PBXBuildFile; fileRef = 56F1721B18998477000D990C /* Foundation.framework */; };
		56F1723718998478000D990C /* UIKit.framework in Frameworks */ = {isa = PBXBuildFile; fileRef = 56F1721F18998477000D990C /* UIKit.framework */; };
		56F1723F18998478000D990C /* InfoPlist.strings in Resources */ = {isa = PBXBuildFile; fileRef = 56F1723D18998478000D990C /* InfoPlist.strings */; };
		56F1724118998478000D990C /* FaceRec_iOSTests.m in Sources */ = {isa = PBXBuildFile; fileRef = 56F1724018998478000D990C /* FaceRec_iOSTests.m */; };
		56F1724B189984B4000D990C /* Security.framework in Frameworks */ = {isa = PBXBuildFile; fileRef = 56F1724A189984B4000D990C /* Security.framework */; };
		56F1724D189984C8000D990C /* libicucore.dylib in Frameworks */ = {isa = PBXBuildFile; fileRef = 56F1724C189984C8000D990C /* libicucore.dylib */; };
		56F1724F189984CF000D990C /* CFNetwork.framework in Frameworks */ = {isa = PBXBuildFile; fileRef = 56F1724E189984CF000D990C /* CFNetwork.framework */; };
		56F17251189984DB000D990C /* MobileCoreServices.framework in Frameworks */ = {isa = PBXBuildFile; fileRef = 56F17250189984DB000D990C /* MobileCoreServices.framework */; };
		56F17253189984E5000D990C /* SystemConfiguration.framework in Frameworks */ = {isa = PBXBuildFile; fileRef = 56F17252189984E5000D990C /* SystemConfiguration.framework */; };
		56F1727418998E68000D990C /* base64.c in Sources */ = {isa = PBXBuildFile; fileRef = 56F1726D18998E68000D990C /* base64.c */; };
		56F1727718998E68000D990C /* NSData+SRB64Additions.m in Sources */ = {isa = PBXBuildFile; fileRef = 56F1727018998E68000D990C /* NSData+SRB64Additions.m */; };
		56F1727A18998E68000D990C /* SRWebSocket.m in Sources */ = {isa = PBXBuildFile; fileRef = 56F1727318998E68000D990C /* SRWebSocket.m */; };
		56F1728718998F06000D990C /* SocketIO.m in Sources */ = {isa = PBXBuildFile; fileRef = 56F1727C18998F06000D990C /* SocketIO.m */; };
		56F1728918998F06000D990C /* SocketIOJSONSerialization.m in Sources */ = {isa = PBXBuildFile; fileRef = 56F1727E18998F06000D990C /* SocketIOJSONSerialization.m */; };
		56F1728B18998F06000D990C /* SocketIOPacket.m in Sources */ = {isa = PBXBuildFile; fileRef = 56F1728018998F06000D990C /* SocketIOPacket.m */; };
		56F1728E18998F06000D990C /* SocketIOTransportWebsocket.m in Sources */ = {isa = PBXBuildFile; fileRef = 56F1728318998F06000D990C /* SocketIOTransportWebsocket.m */; };
		56F1729018998F06000D990C /* SocketIOTransportXHR.m in Sources */ = {isa = PBXBuildFile; fileRef = 56F1728518998F06000D990C /* SocketIOTransportXHR.m */; };
		56F17292189992F8000D990C /* iPhone_LoginStoryboard.storyboard in Resources */ = {isa = PBXBuildFile; fileRef = 56F17291189992F8000D990C /* iPhone_LoginStoryboard.storyboard */; };
		56F172DC1899964D000D990C /* FaceRecServer.m in Sources */ = {isa = PBXBuildFile; fileRef = 56F172DB1899964D000D990C /* FaceRecServer.m */; };
/* End PBXBuildFile section */

/* Begin PBXContainerItemProxy section */
		56F1723818998478000D990C /* PBXContainerItemProxy */ = {
			isa = PBXContainerItemProxy;
			containerPortal = 56F1721018998477000D990C /* Project object */;
			proxyType = 1;
			remoteGlobalIDString = 56F1721718998477000D990C;
			remoteInfo = "FaceRec-iOS";
		};
/* End PBXContainerItemProxy section */

/* Begin PBXFileReference section */
		166FD81718B1D61000A3FE12 /* CoreData.framework */ = {isa = PBXFileReference; lastKnownFileType = wrapper.framework; name = CoreData.framework; path = System/Library/Frameworks/CoreData.framework; sourceTree = SDKROOT; };
		166FD81D18B1D75800A3FE12 /* FaceRec.xcdatamodel */ = {isa = PBXFileReference; lastKnownFileType = wrapper.xcdatamodel; path = FaceRec.xcdatamodel; sourceTree = "<group>"; };
		166FD81F18B1D7E800A3FE12 /* ServerListViewController.h */ = {isa = PBXFileReference; fileEncoding = 4; lastKnownFileType = sourcecode.c.h; path = ServerListViewController.h; sourceTree = "<group>"; };
		166FD82018B1D7E800A3FE12 /* ServerListViewController.m */ = {isa = PBXFileReference; fileEncoding = 4; lastKnownFileType = sourcecode.c.objc; path = ServerListViewController.m; sourceTree = "<group>"; };
		166FD82218B1DF7100A3FE12 /* Server.h */ = {isa = PBXFileReference; fileEncoding = 4; lastKnownFileType = sourcecode.c.h; path = Server.h; sourceTree = "<group>"; };
		166FD82318B1DF7100A3FE12 /* Server.m */ = {isa = PBXFileReference; fileEncoding = 4; lastKnownFileType = sourcecode.c.objc; path = Server.m; sourceTree = "<group>"; };
		1699A0A3189A048800B56929 /* RecognitionViewController.h */ = {isa = PBXFileReference; fileEncoding = 4; lastKnownFileType = sourcecode.c.h; path = RecognitionViewController.h; sourceTree = "<group>"; };
		1699A0A4189A048800B56929 /* RecognitionViewController.m */ = {isa = PBXFileReference; fileEncoding = 4; lastKnownFileType = sourcecode.c.objc; path = RecognitionViewController.m; sourceTree = "<group>"; };
		1699A0A6189A050000B56929 /* AVFoundation.framework */ = {isa = PBXFileReference; lastKnownFileType = wrapper.framework; name = AVFoundation.framework; path = System/Library/Frameworks/AVFoundation.framework; sourceTree = SDKROOT; };
		1699A0A8189A0AC900B56929 /* QuartzCore.framework */ = {isa = PBXFileReference; lastKnownFileType = wrapper.framework; name = QuartzCore.framework; path = System/Library/Frameworks/QuartzCore.framework; sourceTree = SDKROOT; };
		16BC8CF818AFB732007D74E5 /* CaptureFaceViewController.h */ = {isa = PBXFileReference; fileEncoding = 4; lastKnownFileType = sourcecode.c.h; path = CaptureFaceViewController.h; sourceTree = "<group>"; };
		16BC8CF918AFB732007D74E5 /* CaptureFaceViewController.m */ = {isa = PBXFileReference; fileEncoding = 4; lastKnownFileType = sourcecode.c.objc; path = CaptureFaceViewController.m; sourceTree = "<group>"; };
		16BC8CFB18AFD8A9007D74E5 /* LoginViewController.h */ = {isa = PBXFileReference; fileEncoding = 4; lastKnownFileType = sourcecode.c.h; path = LoginViewController.h; sourceTree = "<group>"; };
		16BC8CFC18AFD8A9007D74E5 /* LoginViewController.m */ = {isa = PBXFileReference; fileEncoding = 4; lastKnownFileType = sourcecode.c.objc; path = LoginViewController.m; sourceTree = "<group>"; };
		16BC8CFE18AFD8BA007D74E5 /* SignUpViewController.h */ = {isa = PBXFileReference; fileEncoding = 4; lastKnownFileType = sourcecode.c.h; path = SignUpViewController.h; sourceTree = "<group>"; };
		16BC8CFF18AFD8BA007D74E5 /* SignUpViewController.m */ = {isa = PBXFileReference; fileEncoding = 4; lastKnownFileType = sourcecode.c.objc; path = SignUpViewController.m; sourceTree = "<group>"; };
		16BC8D0118AFE4F4007D74E5 /* FaceRecAPI.h */ = {isa = PBXFileReference; fileEncoding = 4; lastKnownFileType = sourcecode.c.h; path = FaceRecAPI.h; sourceTree = "<group>"; };
		16BC8D0218AFE4F4007D74E5 /* FaceRecAPI.m */ = {isa = PBXFileReference; fileEncoding = 4; lastKnownFileType = sourcecode.c.objc; path = FaceRecAPI.m; sourceTree = "<group>"; };
		16BC8D0418AFFCBB007D74E5 /* iPhone_MainStoryboard.storyboard */ = {isa = PBXFileReference; fileEncoding = 4; lastKnownFileType = file.storyboard; path = iPhone_MainStoryboard.storyboard; sourceTree = "<group>"; };
		16BC8D0618B02652007D74E5 /* Person.h */ = {isa = PBXFileReference; fileEncoding = 4; lastKnownFileType = sourcecode.c.h; path = Person.h; sourceTree = "<group>"; };
		16BC8D0718B02652007D74E5 /* Person.m */ = {isa = PBXFileReference; fileEncoding = 4; lastKnownFileType = sourcecode.c.objc; path = Person.m; sourceTree = "<group>"; };
		16BC8D0918B02C8B007D74E5 /* PeopleTableViewController.h */ = {isa = PBXFileReference; fileEncoding = 4; lastKnownFileType = sourcecode.c.h; path = PeopleTableViewController.h; sourceTree = "<group>"; };
		16BC8D0A18B02C8B007D74E5 /* PeopleTableViewController.m */ = {isa = PBXFileReference; fileEncoding = 4; lastKnownFileType = sourcecode.c.objc; path = PeopleTableViewController.m; sourceTree = "<group>"; };
		16BC8D0C18B035C7007D74E5 /* PersonRegisterViewController.h */ = {isa = PBXFileReference; fileEncoding = 4; lastKnownFileType = sourcecode.c.h; path = PersonRegisterViewController.h; sourceTree = "<group>"; };
		16BC8D0D18B035C7007D74E5 /* PersonRegisterViewController.m */ = {isa = PBXFileReference; fileEncoding = 4; lastKnownFileType = sourcecode.c.objc; path = PersonRegisterViewController.m; sourceTree = "<group>"; };
		16BC8D1118B157F7007D74E5 /* KeychainItemWrapper.h */ = {isa = PBXFileReference; fileEncoding = 4; lastKnownFileType = sourcecode.c.h; path = KeychainItemWrapper.h; sourceTree = "<group>"; };
		16BC8D1218B157F7007D74E5 /* KeychainItemWrapper.m */ = {isa = PBXFileReference; fileEncoding = 4; lastKnownFileType = sourcecode.c.objc; path = KeychainItemWrapper.m; sourceTree = "<group>"; };
		16BC8D1418B15D3B007D74E5 /* MainMenuViewController.h */ = {isa = PBXFileReference; fileEncoding = 4; lastKnownFileType = sourcecode.c.h; path = MainMenuViewController.h; sourceTree = "<group>"; };
		16BC8D1518B15D3B007D74E5 /* MainMenuViewController.m */ = {isa = PBXFileReference; fileEncoding = 4; lastKnownFileType = sourcecode.c.objc; path = MainMenuViewController.m; sourceTree = "<group>"; };
		16BC8D1718B160A2007D74E5 /* User.h */ = {isa = PBXFileReference; fileEncoding = 4; lastKnownFileType = sourcecode.c.h; path = User.h; sourceTree = "<group>"; };
		16BC8D1818B160A2007D74E5 /* User.m */ = {isa = PBXFileReference; fileEncoding = 4; lastKnownFileType = sourcecode.c.objc; path = User.m; sourceTree = "<group>"; };
		56F1721818998477000D990C /* FaceRec-iOS.app */ = {isa = PBXFileReference; explicitFileType = wrapper.application; includeInIndex = 0; path = "FaceRec-iOS.app"; sourceTree = BUILT_PRODUCTS_DIR; };
		56F1721B18998477000D990C /* Foundation.framework */ = {isa = PBXFileReference; lastKnownFileType = wrapper.framework; name = Foundation.framework; path = System/Library/Frameworks/Foundation.framework; sourceTree = SDKROOT; };
		56F1721D18998477000D990C /* CoreGraphics.framework */ = {isa = PBXFileReference; lastKnownFileType = wrapper.framework; name = CoreGraphics.framework; path = System/Library/Frameworks/CoreGraphics.framework; sourceTree = SDKROOT; };
		56F1721F18998477000D990C /* UIKit.framework */ = {isa = PBXFileReference; lastKnownFileType = wrapper.framework; name = UIKit.framework; path = System/Library/Frameworks/UIKit.framework; sourceTree = SDKROOT; };
		56F1722318998477000D990C /* FaceRec-iOS-Info.plist */ = {isa = PBXFileReference; lastKnownFileType = text.plist.xml; path = "FaceRec-iOS-Info.plist"; sourceTree = "<group>"; };
		56F1722518998477000D990C /* en */ = {isa = PBXFileReference; lastKnownFileType = text.plist.strings; name = en; path = en.lproj/InfoPlist.strings; sourceTree = "<group>"; };
		56F1722718998477000D990C /* main.m */ = {isa = PBXFileReference; lastKnownFileType = sourcecode.c.objc; path = main.m; sourceTree = "<group>"; };
		56F1722918998477000D990C /* FaceRec-iOS-Prefix.pch */ = {isa = PBXFileReference; lastKnownFileType = sourcecode.c.h; path = "FaceRec-iOS-Prefix.pch"; sourceTree = "<group>"; };
		56F1722A18998477000D990C /* AppDelegate.h */ = {isa = PBXFileReference; lastKnownFileType = sourcecode.c.h; path = AppDelegate.h; sourceTree = "<group>"; };
		56F1722B18998477000D990C /* AppDelegate.m */ = {isa = PBXFileReference; lastKnownFileType = sourcecode.c.objc; path = AppDelegate.m; sourceTree = "<group>"; };
		56F1722D18998477000D990C /* Images.xcassets */ = {isa = PBXFileReference; lastKnownFileType = folder.assetcatalog; path = Images.xcassets; sourceTree = "<group>"; };
		56F1723318998477000D990C /* FaceRec-iOSTests.xctest */ = {isa = PBXFileReference; explicitFileType = wrapper.cfbundle; includeInIndex = 0; path = "FaceRec-iOSTests.xctest"; sourceTree = BUILT_PRODUCTS_DIR; };
		56F1723418998477000D990C /* XCTest.framework */ = {isa = PBXFileReference; lastKnownFileType = wrapper.framework; name = XCTest.framework; path = Library/Frameworks/XCTest.framework; sourceTree = DEVELOPER_DIR; };
		56F1723C18998478000D990C /* FaceRec-iOSTests-Info.plist */ = {isa = PBXFileReference; lastKnownFileType = text.plist.xml; path = "FaceRec-iOSTests-Info.plist"; sourceTree = "<group>"; };
		56F1723E18998478000D990C /* en */ = {isa = PBXFileReference; lastKnownFileType = text.plist.strings; name = en; path = en.lproj/InfoPlist.strings; sourceTree = "<group>"; };
		56F1724018998478000D990C /* FaceRec_iOSTests.m */ = {isa = PBXFileReference; lastKnownFileType = sourcecode.c.objc; path = FaceRec_iOSTests.m; sourceTree = "<group>"; };
		56F1724A189984B4000D990C /* Security.framework */ = {isa = PBXFileReference; lastKnownFileType = wrapper.framework; name = Security.framework; path = System/Library/Frameworks/Security.framework; sourceTree = SDKROOT; };
		56F1724C189984C8000D990C /* libicucore.dylib */ = {isa = PBXFileReference; lastKnownFileType = "compiled.mach-o.dylib"; name = libicucore.dylib; path = usr/lib/libicucore.dylib; sourceTree = SDKROOT; };
		56F1724E189984CF000D990C /* CFNetwork.framework */ = {isa = PBXFileReference; lastKnownFileType = wrapper.framework; name = CFNetwork.framework; path = System/Library/Frameworks/CFNetwork.framework; sourceTree = SDKROOT; };
		56F17250189984DB000D990C /* MobileCoreServices.framework */ = {isa = PBXFileReference; lastKnownFileType = wrapper.framework; name = MobileCoreServices.framework; path = System/Library/Frameworks/MobileCoreServices.framework; sourceTree = SDKROOT; };
		56F17252189984E5000D990C /* SystemConfiguration.framework */ = {isa = PBXFileReference; lastKnownFileType = wrapper.framework; name = SystemConfiguration.framework; path = System/Library/Frameworks/SystemConfiguration.framework; sourceTree = SDKROOT; };
		56F1726D18998E68000D990C /* base64.c */ = {isa = PBXFileReference; lastKnownFileType = sourcecode.c.c; name = base64.c; path = "../submodules/socket-rocket/SocketRocket/base64.c"; sourceTree = "<group>"; };
		56F1726E18998E68000D990C /* base64.h */ = {isa = PBXFileReference; lastKnownFileType = sourcecode.c.h; name = base64.h; path = "../submodules/socket-rocket/SocketRocket/base64.h"; sourceTree = "<group>"; };
		56F1726F18998E68000D990C /* NSData+SRB64Additions.h */ = {isa = PBXFileReference; lastKnownFileType = sourcecode.c.h; name = "NSData+SRB64Additions.h"; path = "../submodules/socket-rocket/SocketRocket/NSData+SRB64Additions.h"; sourceTree = "<group>"; };
		56F1727018998E68000D990C /* NSData+SRB64Additions.m */ = {isa = PBXFileReference; lastKnownFileType = sourcecode.c.objc; name = "NSData+SRB64Additions.m"; path = "../submodules/socket-rocket/SocketRocket/NSData+SRB64Additions.m"; sourceTree = "<group>"; };
		56F1727118998E68000D990C /* SocketRocket-Prefix.pch */ = {isa = PBXFileReference; lastKnownFileType = sourcecode.c.h; name = "SocketRocket-Prefix.pch"; path = "../submodules/socket-rocket/SocketRocket/SocketRocket-Prefix.pch"; sourceTree = "<group>"; };
		56F1727218998E68000D990C /* SRWebSocket.h */ = {isa = PBXFileReference; lastKnownFileType = sourcecode.c.h; name = SRWebSocket.h; path = "../submodules/socket-rocket/SocketRocket/SRWebSocket.h"; sourceTree = "<group>"; };
		56F1727318998E68000D990C /* SRWebSocket.m */ = {isa = PBXFileReference; lastKnownFileType = sourcecode.c.objc; name = SRWebSocket.m; path = "../submodules/socket-rocket/SocketRocket/SRWebSocket.m"; sourceTree = "<group>"; };
		56F1727B18998F06000D990C /* SocketIO.h */ = {isa = PBXFileReference; lastKnownFileType = sourcecode.c.h; name = SocketIO.h; path = "../submodules/socket.IO-objc/SocketIO.h"; sourceTree = "<group>"; };
		56F1727C18998F06000D990C /* SocketIO.m */ = {isa = PBXFileReference; lastKnownFileType = sourcecode.c.objc; name = SocketIO.m; path = "../submodules/socket.IO-objc/SocketIO.m"; sourceTree = "<group>"; };
		56F1727D18998F06000D990C /* SocketIOJSONSerialization.h */ = {isa = PBXFileReference; lastKnownFileType = sourcecode.c.h; name = SocketIOJSONSerialization.h; path = "../submodules/socket.IO-objc/SocketIOJSONSerialization.h"; sourceTree = "<group>"; };
		56F1727E18998F06000D990C /* SocketIOJSONSerialization.m */ = {isa = PBXFileReference; lastKnownFileType = sourcecode.c.objc; name = SocketIOJSONSerialization.m; path = "../submodules/socket.IO-objc/SocketIOJSONSerialization.m"; sourceTree = "<group>"; };
		56F1727F18998F06000D990C /* SocketIOPacket.h */ = {isa = PBXFileReference; lastKnownFileType = sourcecode.c.h; name = SocketIOPacket.h; path = "../submodules/socket.IO-objc/SocketIOPacket.h"; sourceTree = "<group>"; };
		56F1728018998F06000D990C /* SocketIOPacket.m */ = {isa = PBXFileReference; lastKnownFileType = sourcecode.c.objc; name = SocketIOPacket.m; path = "../submodules/socket.IO-objc/SocketIOPacket.m"; sourceTree = "<group>"; };
		56F1728118998F06000D990C /* SocketIOTransport.h */ = {isa = PBXFileReference; lastKnownFileType = sourcecode.c.h; name = SocketIOTransport.h; path = "../submodules/socket.IO-objc/SocketIOTransport.h"; sourceTree = "<group>"; };
		56F1728218998F06000D990C /* SocketIOTransportWebsocket.h */ = {isa = PBXFileReference; lastKnownFileType = sourcecode.c.h; name = SocketIOTransportWebsocket.h; path = "../submodules/socket.IO-objc/SocketIOTransportWebsocket.h"; sourceTree = "<group>"; };
		56F1728318998F06000D990C /* SocketIOTransportWebsocket.m */ = {isa = PBXFileReference; lastKnownFileType = sourcecode.c.objc; name = SocketIOTransportWebsocket.m; path = "../submodules/socket.IO-objc/SocketIOTransportWebsocket.m"; sourceTree = "<group>"; };
		56F1728418998F06000D990C /* SocketIOTransportXHR.h */ = {isa = PBXFileReference; lastKnownFileType = sourcecode.c.h; name = SocketIOTransportXHR.h; path = "../submodules/socket.IO-objc/SocketIOTransportXHR.h"; sourceTree = "<group>"; };
		56F1728518998F06000D990C /* SocketIOTransportXHR.m */ = {isa = PBXFileReference; lastKnownFileType = sourcecode.c.objc; name = SocketIOTransportXHR.m; path = "../submodules/socket.IO-objc/SocketIOTransportXHR.m"; sourceTree = "<group>"; };
		56F17291189992F8000D990C /* iPhone_LoginStoryboard.storyboard */ = {isa = PBXFileReference; fileEncoding = 4; lastKnownFileType = file.storyboard; path = iPhone_LoginStoryboard.storyboard; sourceTree = "<group>"; };
		56F172DA1899964D000D990C /* FaceRecServer.h */ = {isa = PBXFileReference; fileEncoding = 4; lastKnownFileType = sourcecode.c.h; path = FaceRecServer.h; sourceTree = "<group>"; };
		56F172DB1899964D000D990C /* FaceRecServer.m */ = {isa = PBXFileReference; fileEncoding = 4; lastKnownFileType = sourcecode.c.objc; path = FaceRecServer.m; sourceTree = "<group>"; };
/* End PBXFileReference section */

/* Begin PBXFrameworksBuildPhase section */
		56F1721518998477000D990C /* Frameworks */ = {
			isa = PBXFrameworksBuildPhase;
			buildActionMask = 2147483647;
			files = (
				166FD81818B1D61000A3FE12 /* CoreData.framework in Frameworks */,
				1699A0A9189A0AC900B56929 /* QuartzCore.framework in Frameworks */,
				1699A0A7189A050000B56929 /* AVFoundation.framework in Frameworks */,
				56F17253189984E5000D990C /* SystemConfiguration.framework in Frameworks */,
				56F17251189984DB000D990C /* MobileCoreServices.framework in Frameworks */,
				56F1724F189984CF000D990C /* CFNetwork.framework in Frameworks */,
				56F1724D189984C8000D990C /* libicucore.dylib in Frameworks */,
				56F1724B189984B4000D990C /* Security.framework in Frameworks */,
				56F1721E18998477000D990C /* CoreGraphics.framework in Frameworks */,
				56F1722018998477000D990C /* UIKit.framework in Frameworks */,
				56F1721C18998477000D990C /* Foundation.framework in Frameworks */,
			);
			runOnlyForDeploymentPostprocessing = 0;
		};
		56F1723018998477000D990C /* Frameworks */ = {
			isa = PBXFrameworksBuildPhase;
			buildActionMask = 2147483647;
			files = (
				56F1723518998477000D990C /* XCTest.framework in Frameworks */,
				56F1723718998478000D990C /* UIKit.framework in Frameworks */,
				56F1723618998478000D990C /* Foundation.framework in Frameworks */,
			);
			runOnlyForDeploymentPostprocessing = 0;
		};
/* End PBXFrameworksBuildPhase section */

/* Begin PBXGroup section */
		56F1720F18998477000D990C = {
			isa = PBXGroup;
			children = (
				56F1722118998477000D990C /* FaceRec-iOS */,
				56F1723A18998478000D990C /* FaceRec-iOSTests */,
				56F1721A18998477000D990C /* Frameworks */,
				56F1721918998477000D990C /* Products */,
			);
			sourceTree = "<group>";
		};
		56F1721918998477000D990C /* Products */ = {
			isa = PBXGroup;
			children = (
				56F1721818998477000D990C /* FaceRec-iOS.app */,
				56F1723318998477000D990C /* FaceRec-iOSTests.xctest */,
			);
			name = Products;
			sourceTree = "<group>";
		};
		56F1721A18998477000D990C /* Frameworks */ = {
			isa = PBXGroup;
			children = (
				166FD81718B1D61000A3FE12 /* CoreData.framework */,
				1699A0A8189A0AC900B56929 /* QuartzCore.framework */,
				1699A0A6189A050000B56929 /* AVFoundation.framework */,
				56F17252189984E5000D990C /* SystemConfiguration.framework */,
				56F17250189984DB000D990C /* MobileCoreServices.framework */,
				56F1724E189984CF000D990C /* CFNetwork.framework */,
				56F1724C189984C8000D990C /* libicucore.dylib */,
				56F1724A189984B4000D990C /* Security.framework */,
				56F1721B18998477000D990C /* Foundation.framework */,
				56F1721D18998477000D990C /* CoreGraphics.framework */,
				56F1721F18998477000D990C /* UIKit.framework */,
				56F1723418998477000D990C /* XCTest.framework */,
			);
			name = Frameworks;
			sourceTree = "<group>";
		};
		56F1722118998477000D990C /* FaceRec-iOS */ = {
			isa = PBXGroup;
			children = (
				56F1726518998CB8000D990C /* socket.IO-objc */,
				56F1726C18998DFB000D990C /* SocketRocket */,
				166FD81C18B1D75800A3FE12 /* FaceRec.xcdatamodeld */,
				166FD82218B1DF7100A3FE12 /* Server.h */,
				166FD82318B1DF7100A3FE12 /* Server.m */,
				166FD81F18B1D7E800A3FE12 /* ServerListViewController.h */,
				166FD82018B1D7E800A3FE12 /* ServerListViewController.m */,
				56F1722A18998477000D990C /* AppDelegate.h */,
				56F1722B18998477000D990C /* AppDelegate.m */,
				16BC8D1118B157F7007D74E5 /* KeychainItemWrapper.h */,
				16BC8D1218B157F7007D74E5 /* KeychainItemWrapper.m */,
				16BC8D0118AFE4F4007D74E5 /* FaceRecAPI.h */,
				16BC8D0218AFE4F4007D74E5 /* FaceRecAPI.m */,
				16BC8D0618B02652007D74E5 /* Person.h */,
				16BC8D0718B02652007D74E5 /* Person.m */,
				56F172DA1899964D000D990C /* FaceRecServer.h */,
				56F172DB1899964D000D990C /* FaceRecServer.m */,
				56F17291189992F8000D990C /* iPhone_LoginStoryboard.storyboard */,
				16BC8D0418AFFCBB007D74E5 /* iPhone_MainStoryboard.storyboard */,
				16BC8D1418B15D3B007D74E5 /* MainMenuViewController.h */,
				16BC8D1518B15D3B007D74E5 /* MainMenuViewController.m */,
				16BC8D0C18B035C7007D74E5 /* PersonRegisterViewController.h */,
				16BC8D0D18B035C7007D74E5 /* PersonRegisterViewController.m */,
				16BC8D0918B02C8B007D74E5 /* PeopleTableViewController.h */,
				16BC8D0A18B02C8B007D74E5 /* PeopleTableViewController.m */,
				16BC8CFE18AFD8BA007D74E5 /* SignUpViewController.h */,
				16BC8CFF18AFD8BA007D74E5 /* SignUpViewController.m */,
				16BC8CFB18AFD8A9007D74E5 /* LoginViewController.h */,
				16BC8CFC18AFD8A9007D74E5 /* LoginViewController.m */,
				16BC8D1718B160A2007D74E5 /* User.h */,
				16BC8D1818B160A2007D74E5 /* User.m */,
				1699A0A3189A048800B56929 /* RecognitionViewController.h */,
				1699A0A4189A048800B56929 /* RecognitionViewController.m */,
				16BC8CF818AFB732007D74E5 /* CaptureFaceViewController.h */,
				16BC8CF918AFB732007D74E5 /* CaptureFaceViewController.m */,
				56F1722D18998477000D990C /* Images.xcassets */,
				56F1722218998477000D990C /* Supporting Files */,
			);
			path = "FaceRec-iOS";
			sourceTree = "<group>";
		};
		56F1722218998477000D990C /* Supporting Files */ = {
			isa = PBXGroup;
			children = (
				56F1722318998477000D990C /* FaceRec-iOS-Info.plist */,
				56F1722418998477000D990C /* InfoPlist.strings */,
				56F1722718998477000D990C /* main.m */,
				56F1722918998477000D990C /* FaceRec-iOS-Prefix.pch */,
			);
			name = "Supporting Files";
			sourceTree = "<group>";
		};
		56F1723A18998478000D990C /* FaceRec-iOSTests */ = {
			isa = PBXGroup;
			children = (
				56F1724018998478000D990C /* FaceRec_iOSTests.m */,
				56F1723B18998478000D990C /* Supporting Files */,
			);
			path = "FaceRec-iOSTests";
			sourceTree = "<group>";
		};
		56F1723B18998478000D990C /* Supporting Files */ = {
			isa = PBXGroup;
			children = (
				56F1723C18998478000D990C /* FaceRec-iOSTests-Info.plist */,
				56F1723D18998478000D990C /* InfoPlist.strings */,
			);
			name = "Supporting Files";
			sourceTree = "<group>";
		};
		56F1726518998CB8000D990C /* socket.IO-objc */ = {
			isa = PBXGroup;
			children = (
				56F1727B18998F06000D990C /* SocketIO.h */,
				56F1727C18998F06000D990C /* SocketIO.m */,
				56F1727D18998F06000D990C /* SocketIOJSONSerialization.h */,
				56F1727E18998F06000D990C /* SocketIOJSONSerialization.m */,
				56F1727F18998F06000D990C /* SocketIOPacket.h */,
				56F1728018998F06000D990C /* SocketIOPacket.m */,
				56F1728118998F06000D990C /* SocketIOTransport.h */,
				56F1728218998F06000D990C /* SocketIOTransportWebsocket.h */,
				56F1728318998F06000D990C /* SocketIOTransportWebsocket.m */,
				56F1728418998F06000D990C /* SocketIOTransportXHR.h */,
				56F1728518998F06000D990C /* SocketIOTransportXHR.m */,
			);
			name = "socket.IO-objc";
			sourceTree = "<group>";
		};
		56F1726C18998DFB000D990C /* SocketRocket */ = {
			isa = PBXGroup;
			children = (
				56F1726D18998E68000D990C /* base64.c */,
				56F1726E18998E68000D990C /* base64.h */,
				56F1726F18998E68000D990C /* NSData+SRB64Additions.h */,
				56F1727018998E68000D990C /* NSData+SRB64Additions.m */,
				56F1727118998E68000D990C /* SocketRocket-Prefix.pch */,
				56F1727218998E68000D990C /* SRWebSocket.h */,
				56F1727318998E68000D990C /* SRWebSocket.m */,
			);
			name = SocketRocket;
			sourceTree = "<group>";
		};
/* End PBXGroup section */

/* Begin PBXNativeTarget section */
		56F1721718998477000D990C /* FaceRec-iOS */ = {
			isa = PBXNativeTarget;
			buildConfigurationList = 56F1724418998478000D990C /* Build configuration list for PBXNativeTarget "FaceRec-iOS" */;
			buildPhases = (
				56F1721418998477000D990C /* Sources */,
				56F1721518998477000D990C /* Frameworks */,
				56F1721618998477000D990C /* Resources */,
			);
			buildRules = (
			);
			dependencies = (
			);
			name = "FaceRec-iOS";
			productName = "FaceRec-iOS";
			productReference = 56F1721818998477000D990C /* FaceRec-iOS.app */;
			productType = "com.apple.product-type.application";
		};
		56F1723218998477000D990C /* FaceRec-iOSTests */ = {
			isa = PBXNativeTarget;
			buildConfigurationList = 56F1724718998478000D990C /* Build configuration list for PBXNativeTarget "FaceRec-iOSTests" */;
			buildPhases = (
				56F1722F18998477000D990C /* Sources */,
				56F1723018998477000D990C /* Frameworks */,
				56F1723118998477000D990C /* Resources */,
			);
			buildRules = (
			);
			dependencies = (
				56F1723918998478000D990C /* PBXTargetDependency */,
			);
			name = "FaceRec-iOSTests";
			productName = "FaceRec-iOSTests";
			productReference = 56F1723318998477000D990C /* FaceRec-iOSTests.xctest */;
			productType = "com.apple.product-type.bundle.unit-test";
		};
/* End PBXNativeTarget section */

/* Begin PBXProject section */
		56F1721018998477000D990C /* Project object */ = {
			isa = PBXProject;
			attributes = {
				LastUpgradeCheck = 0500;
				ORGANIZATIONNAME = "Charles Wang";
				TargetAttributes = {
					56F1723218998477000D990C = {
						TestTargetID = 56F1721718998477000D990C;
					};
				};
			};
			buildConfigurationList = 56F1721318998477000D990C /* Build configuration list for PBXProject "FaceRec-iOS" */;
			compatibilityVersion = "Xcode 3.2";
			developmentRegion = English;
			hasScannedForEncodings = 0;
			knownRegions = (
				en,
			);
			mainGroup = 56F1720F18998477000D990C;
			productRefGroup = 56F1721918998477000D990C /* Products */;
			projectDirPath = "";
			projectRoot = "";
			targets = (
				56F1721718998477000D990C /* FaceRec-iOS */,
				56F1723218998477000D990C /* FaceRec-iOSTests */,
			);
		};
/* End PBXProject section */

/* Begin PBXResourcesBuildPhase section */
		56F1721618998477000D990C /* Resources */ = {
			isa = PBXResourcesBuildPhase;
			buildActionMask = 2147483647;
			files = (
				56F1722618998477000D990C /* InfoPlist.strings in Resources */,
				56F1722E18998477000D990C /* Images.xcassets in Resources */,
				16BC8D0518AFFCBB007D74E5 /* iPhone_MainStoryboard.storyboard in Resources */,
				56F17292189992F8000D990C /* iPhone_LoginStoryboard.storyboard in Resources */,
			);
			runOnlyForDeploymentPostprocessing = 0;
		};
		56F1723118998477000D990C /* Resources */ = {
			isa = PBXResourcesBuildPhase;
			buildActionMask = 2147483647;
			files = (
				56F1723F18998478000D990C /* InfoPlist.strings in Resources */,
			);
			runOnlyForDeploymentPostprocessing = 0;
		};
/* End PBXResourcesBuildPhase section */

/* Begin PBXSourcesBuildPhase section */
		56F1721418998477000D990C /* Sources */ = {
			isa = PBXSourcesBuildPhase;
			buildActionMask = 2147483647;
			files = (
				56F1728718998F06000D990C /* SocketIO.m in Sources */,
				1699A0A5189A048800B56929 /* RecognitionViewController.m in Sources */,
				16BC8CFA18AFB732007D74E5 /* CaptureFaceViewController.m in Sources */,
				56F1722818998477000D990C /* main.m in Sources */,
				56F1722C18998477000D990C /* AppDelegate.m in Sources */,
				56F1727418998E68000D990C /* base64.c in Sources */,
				16BC8D1618B15D3B007D74E5 /* MainMenuViewController.m in Sources */,
				16BC8D0818B02652007D74E5 /* Person.m in Sources */,
				16BC8D0018AFD8BA007D74E5 /* SignUpViewController.m in Sources */,
				16BC8D0E18B035C7007D74E5 /* PersonRegisterViewController.m in Sources */,
				56F1727718998E68000D990C /* NSData+SRB64Additions.m in Sources */,
				16BC8D1918B160A2007D74E5 /* User.m in Sources */,
				56F172DC1899964D000D990C /* FaceRecServer.m in Sources */,
				56F1727A18998E68000D990C /* SRWebSocket.m in Sources */,
				16BC8D0318AFE4F4007D74E5 /* FaceRecAPI.m in Sources */,
				166FD82118B1D7E800A3FE12 /* ServerListViewController.m in Sources */,
				166FD81E18B1D75800A3FE12 /* FaceRec.xcdatamodeld in Sources */,
				56F1728918998F06000D990C /* SocketIOJSONSerialization.m in Sources */,
				56F1728B18998F06000D990C /* SocketIOPacket.m in Sources */,
				166FD82418B1DF7100A3FE12 /* Server.m in Sources */,
				16BC8D0B18B02C8B007D74E5 /* PeopleTableViewController.m in Sources */,
				16BC8D1318B157F7007D74E5 /* KeychainItemWrapper.m in Sources */,
				56F1728E18998F06000D990C /* SocketIOTransportWebsocket.m in Sources */,
				56F1729018998F06000D990C /* SocketIOTransportXHR.m in Sources */,
				16BC8CFD18AFD8A9007D74E5 /* LoginViewController.m in Sources */,
			);
			runOnlyForDeploymentPostprocessing = 0;
		};
		56F1722F18998477000D990C /* Sources */ = {
			isa = PBXSourcesBuildPhase;
			buildActionMask = 2147483647;
			files = (
				56F1724118998478000D990C /* FaceRec_iOSTests.m in Sources */,
			);
			runOnlyForDeploymentPostprocessing = 0;
		};
/* End PBXSourcesBuildPhase section */

/* Begin PBXTargetDependency section */
		56F1723918998478000D990C /* PBXTargetDependency */ = {
			isa = PBXTargetDependency;
			target = 56F1721718998477000D990C /* FaceRec-iOS */;
			targetProxy = 56F1723818998478000D990C /* PBXContainerItemProxy */;
		};
/* End PBXTargetDependency section */

/* Begin PBXVariantGroup section */
		56F1722418998477000D990C /* InfoPlist.strings */ = {
			isa = PBXVariantGroup;
			children = (
				56F1722518998477000D990C /* en */,
			);
			name = InfoPlist.strings;
			sourceTree = "<group>";
		};
		56F1723D18998478000D990C /* InfoPlist.strings */ = {
			isa = PBXVariantGroup;
			children = (
				56F1723E18998478000D990C /* en */,
			);
			name = InfoPlist.strings;
			sourceTree = "<group>";
		};
/* End PBXVariantGroup section */

/* Begin XCBuildConfiguration section */
		56F1724218998478000D990C /* Debug */ = {
			isa = XCBuildConfiguration;
			buildSettings = {
				ALWAYS_SEARCH_USER_PATHS = NO;
				ARCHS = "$(ARCHS_STANDARD_INCLUDING_64_BIT)";
				CLANG_CXX_LANGUAGE_STANDARD = "gnu++0x";
				CLANG_CXX_LIBRARY = "libc++";
				CLANG_ENABLE_MODULES = YES;
				CLANG_ENABLE_OBJC_ARC = YES;
				CLANG_WARN_BOOL_CONVERSION = YES;
				CLANG_WARN_CONSTANT_CONVERSION = YES;
				CLANG_WARN_DIRECT_OBJC_ISA_USAGE = YES_ERROR;
				CLANG_WARN_EMPTY_BODY = YES;
				CLANG_WARN_ENUM_CONVERSION = YES;
				CLANG_WARN_INT_CONVERSION = YES;
				CLANG_WARN_OBJC_ROOT_CLASS = YES_ERROR;
				CLANG_WARN__DUPLICATE_METHOD_MATCH = YES;
				"CODE_SIGN_IDENTITY[sdk=iphoneos*]" = "iPhone Developer";
				COPY_PHASE_STRIP = NO;
				GCC_C_LANGUAGE_STANDARD = gnu99;
				GCC_DYNAMIC_NO_PIC = NO;
				GCC_OPTIMIZATION_LEVEL = 0;
				GCC_PREPROCESSOR_DEFINITIONS = (
					"DEBUG=1",
					"$(inherited)",
				);
				GCC_SYMBOLS_PRIVATE_EXTERN = NO;
				GCC_WARN_64_TO_32_BIT_CONVERSION = YES;
				GCC_WARN_ABOUT_RETURN_TYPE = YES_ERROR;
				GCC_WARN_UNDECLARED_SELECTOR = YES;
				GCC_WARN_UNINITIALIZED_AUTOS = YES;
				GCC_WARN_UNUSED_FUNCTION = YES;
				GCC_WARN_UNUSED_VARIABLE = YES;
				IPHONEOS_DEPLOYMENT_TARGET = 7.0;
				ONLY_ACTIVE_ARCH = YES;
				SDKROOT = iphoneos;
				TARGETED_DEVICE_FAMILY = "1,2";
			};
			name = Debug;
		};
		56F1724318998478000D990C /* Release */ = {
			isa = XCBuildConfiguration;
			buildSettings = {
				ALWAYS_SEARCH_USER_PATHS = NO;
				ARCHS = "$(ARCHS_STANDARD_INCLUDING_64_BIT)";
				CLANG_CXX_LANGUAGE_STANDARD = "gnu++0x";
				CLANG_CXX_LIBRARY = "libc++";
				CLANG_ENABLE_MODULES = YES;
				CLANG_ENABLE_OBJC_ARC = YES;
				CLANG_WARN_BOOL_CONVERSION = YES;
				CLANG_WARN_CONSTANT_CONVERSION = YES;
				CLANG_WARN_DIRECT_OBJC_ISA_USAGE = YES_ERROR;
				CLANG_WARN_EMPTY_BODY = YES;
				CLANG_WARN_ENUM_CONVERSION = YES;
				CLANG_WARN_INT_CONVERSION = YES;
				CLANG_WARN_OBJC_ROOT_CLASS = YES_ERROR;
				CLANG_WARN__DUPLICATE_METHOD_MATCH = YES;
				"CODE_SIGN_IDENTITY[sdk=iphoneos*]" = "iPhone Developer";
				COPY_PHASE_STRIP = YES;
				ENABLE_NS_ASSERTIONS = NO;
				GCC_C_LANGUAGE_STANDARD = gnu99;
				GCC_WARN_64_TO_32_BIT_CONVERSION = YES;
				GCC_WARN_ABOUT_RETURN_TYPE = YES_ERROR;
				GCC_WARN_UNDECLARED_SELECTOR = YES;
				GCC_WARN_UNINITIALIZED_AUTOS = YES;
				GCC_WARN_UNUSED_FUNCTION = YES;
				GCC_WARN_UNUSED_VARIABLE = YES;
				IPHONEOS_DEPLOYMENT_TARGET = 7.0;
				SDKROOT = iphoneos;
				TARGETED_DEVICE_FAMILY = "1,2";
				VALIDATE_PRODUCT = YES;
			};
			name = Release;
		};
		56F1724518998478000D990C /* Debug */ = {
			isa = XCBuildConfiguration;
			buildSettings = {
				ASSETCATALOG_COMPILER_APPICON_NAME = AppIcon;
				ASSETCATALOG_COMPILER_LAUNCHIMAGE_NAME = LaunchImage;
				GCC_PRECOMPILE_PREFIX_HEADER = YES;
				GCC_PREFIX_HEADER = "FaceRec-iOS/FaceRec-iOS-Prefix.pch";
				INFOPLIST_FILE = "FaceRec-iOS/FaceRec-iOS-Info.plist";
				PRODUCT_NAME = "$(TARGET_NAME)";
				WRAPPER_EXTENSION = app;
			};
			name = Debug;
		};
		56F1724618998478000D990C /* Release */ = {
			isa = XCBuildConfiguration;
			buildSettings = {
				ASSETCATALOG_COMPILER_APPICON_NAME = AppIcon;
				ASSETCATALOG_COMPILER_LAUNCHIMAGE_NAME = LaunchImage;
				GCC_PRECOMPILE_PREFIX_HEADER = YES;
				GCC_PREFIX_HEADER = "FaceRec-iOS/FaceRec-iOS-Prefix.pch";
				INFOPLIST_FILE = "FaceRec-iOS/FaceRec-iOS-Info.plist";
				PRODUCT_NAME = "$(TARGET_NAME)";
				WRAPPER_EXTENSION = app;
			};
			name = Release;
		};
		56F1724818998478000D990C /* Debug */ = {
			isa = XCBuildConfiguration;
			buildSettings = {
				ARCHS = "$(ARCHS_STANDARD_INCLUDING_64_BIT)";
				BUNDLE_LOADER = "$(BUILT_PRODUCTS_DIR)/FaceRec-iOS.app/FaceRec-iOS";
				FRAMEWORK_SEARCH_PATHS = (
					"$(SDKROOT)/Developer/Library/Frameworks",
					"$(inherited)",
					"$(DEVELOPER_FRAMEWORKS_DIR)",
				);
				GCC_PRECOMPILE_PREFIX_HEADER = YES;
				GCC_PREFIX_HEADER = "FaceRec-iOS/FaceRec-iOS-Prefix.pch";
				GCC_PREPROCESSOR_DEFINITIONS = (
					"DEBUG=1",
					"$(inherited)",
				);
				INFOPLIST_FILE = "FaceRec-iOSTests/FaceRec-iOSTests-Info.plist";
				PRODUCT_NAME = "$(TARGET_NAME)";
				TEST_HOST = "$(BUNDLE_LOADER)";
				WRAPPER_EXTENSION = xctest;
			};
			name = Debug;
		};
		56F1724918998478000D990C /* Release */ = {
			isa = XCBuildConfiguration;
			buildSettings = {
				ARCHS = "$(ARCHS_STANDARD_INCLUDING_64_BIT)";
				BUNDLE_LOADER = "$(BUILT_PRODUCTS_DIR)/FaceRec-iOS.app/FaceRec-iOS";
				FRAMEWORK_SEARCH_PATHS = (
					"$(SDKROOT)/Developer/Library/Frameworks",
					"$(inherited)",
					"$(DEVELOPER_FRAMEWORKS_DIR)",
				);
				GCC_PRECOMPILE_PREFIX_HEADER = YES;
				GCC_PREFIX_HEADER = "FaceRec-iOS/FaceRec-iOS-Prefix.pch";
				INFOPLIST_FILE = "FaceRec-iOSTests/FaceRec-iOSTests-Info.plist";
				PRODUCT_NAME = "$(TARGET_NAME)";
				TEST_HOST = "$(BUNDLE_LOADER)";
				WRAPPER_EXTENSION = xctest;
			};
			name = Release;
		};
/* End XCBuildConfiguration section */

/* Begin XCConfigurationList section */
		56F1721318998477000D990C /* Build configuration list for PBXProject "FaceRec-iOS" */ = {
			isa = XCConfigurationList;
			buildConfigurations = (
				56F1724218998478000D990C /* Debug */,
				56F1724318998478000D990C /* Release */,
			);
			defaultConfigurationIsVisible = 0;
			defaultConfigurationName = Release;
		};
		56F1724418998478000D990C /* Build configuration list for PBXNativeTarget "FaceRec-iOS" */ = {
			isa = XCConfigurationList;
			buildConfigurations = (
				56F1724518998478000D990C /* Debug */,
				56F1724618998478000D990C /* Release */,
			);
			defaultConfigurationIsVisible = 0;
			defaultConfigurationName = Release;
		};
		56F1724718998478000D990C /* Build configuration list for PBXNativeTarget "FaceRec-iOSTests" */ = {
			isa = XCConfigurationList;
			buildConfigurations = (
				56F1724818998478000D990C /* Debug */,
				56F1724918998478000D990C /* Release */,
			);
			defaultConfigurationIsVisible = 0;
			defaultConfigurationName = Release;
		};
/* End XCConfigurationList section */

/* Begin XCVersionGroup section */
		166FD81C18B1D75800A3FE12 /* FaceRec.xcdatamodeld */ = {
			isa = XCVersionGroup;
			children = (
				166FD81D18B1D75800A3FE12 /* FaceRec.xcdatamodel */,
			);
			currentVersion = 166FD81D18B1D75800A3FE12 /* FaceRec.xcdatamodel */;
			path = FaceRec.xcdatamodeld;
			sourceTree = "<group>";
			versionGroupType = wrapper.xcdatamodel;
		};
/* End XCVersionGroup section */
	};
	rootObject = 56F1721018998477000D990C /* Project object */;
}
